
Microsoft Visual Studio Solution File, Format Version 12.00
# Visual Studio 2013
VisualStudioVersion = 12.0.40629.0
MinimumVisualStudioVersion = 10.0.40219.1
Project("{FAE04EC0-301F-11D3-BF4B-00C04F79EFBC}") = "SmartIndexAPI", "WebApplication4\SmartIndexAPI.csproj", "{983D8EAE-A67C-4E65-B116-77E99FFD01A9}"
EndProject
Project("{FAE04EC0-301F-11D3-BF4B-00C04F79EFBC}") = "SmartIndexServices", "SmartIndexServices\SmartIndexServices.csproj", "{27793318-1484-4F6C-8360-BB32194F6820}"
EndProject
Project("{FAE04EC0-301F-11D3-BF4B-00C04F79EFBC}") = "SmartIndexBE", "SmartIndexBE\SmartIndexBE.csproj", "{B22825B5-53E4-4A93-9F48-0AD765E9829B}"
EndProject
Project("{FAE04EC0-301F-11D3-BF4B-00C04F79EFBC}") = "SmartIndexServicesInterface", "SmartIndexServicesInterface\SmartIndexServicesInterface.csproj", "{C958551A-02CA-4145-8A11-D01473210273}"
EndProject
Project("{FAE04EC0-301F-11D3-BF4B-00C04F79EFBC}") = "SmartIndexDataModel", "SmartIndexDataModel\SmartIndexDataModel.csproj", "{9C62AE94-38B6-4752-95C1-B22EC98F40E1}"
EndProject
Global
	GlobalSection(SolutionConfigurationPlatforms) = preSolution
		Debug|Any CPU = Debug|Any CPU
		Release|Any CPU = Release|Any CPU
	EndGlobalSection
	GlobalSection(ProjectConfigurationPlatforms) = postSolution
		{983D8EAE-A67C-4E65-B116-77E99FFD01A9}.Debug|Any CPU.ActiveCfg = Debug|Any CPU
		{983D8EAE-A67C-4E65-B116-77E99FFD01A9}.Debug|Any CPU.Build.0 = Debug|Any CPU
		{983D8EAE-A67C-4E65-B116-77E99FFD01A9}.Release|Any CPU.ActiveCfg = Release|Any CPU
		{983D8EAE-A67C-4E65-B116-77E99FFD01A9}.Release|Any CPU.Build.0 = Release|Any CPU
		{27793318-1484-4F6C-8360-BB32194F6820}.Debug|Any CPU.ActiveCfg = Debug|Any CPU
		{27793318-1484-4F6C-8360-BB32194F6820}.Debug|Any CPU.Build.0 = Debug|Any CPU
		{27793318-1484-4F6C-8360-BB32194F6820}.Release|Any CPU.ActiveCfg = Release|Any CPU
		{27793318-1484-4F6C-8360-BB32194F6820}.Release|Any CPU.Build.0 = Release|Any CPU
		{B22825B5-53E4-4A93-9F48-0AD765E9829B}.Debug|Any CPU.ActiveCfg = Debug|Any CPU
		{B22825B5-53E4-4A93-9F48-0AD765E9829B}.Debug|Any CPU.Build.0 = Debug|Any CPU
		{B22825B5-53E4-4A93-9F48-0AD765E9829B}.Release|Any CPU.ActiveCfg = Release|Any CPU
		{B22825B5-53E4-4A93-9F48-0AD765E9829B}.Release|Any CPU.Build.0 = Release|Any CPU
		{C958551A-02CA-4145-8A11-D01473210273}.Debug|Any CPU.ActiveCfg = Debug|Any CPU
		{C958551A-02CA-4145-8A11-D01473210273}.Debug|Any CPU.Build.0 = Debug|Any CPU
		{C958551A-02CA-4145-8A11-D01473210273}.Release|Any CPU.ActiveCfg = Release|Any CPU
		{C958551A-02CA-4145-8A11-D01473210273}.Release|Any CPU.Build.0 = Release|Any CPU
		{9C62AE94-38B6-4752-95C1-B22EC98F40E1}.Debug|Any CPU.ActiveCfg = Debug|Any CPU
		{9C62AE94-38B6-4752-95C1-B22EC98F40E1}.Debug|Any CPU.Build.0 = Debug|Any CPU
		{9C62AE94-38B6-4752-95C1-B22EC98F40E1}.Release|Any CPU.ActiveCfg = Release|Any CPU
		{9C62AE94-38B6-4752-95C1-B22EC98F40E1}.Release|Any CPU.Build.0 = Release|Any CPU
	EndGlobalSection
	GlobalSection(SolutionProperties) = preSolution
		HideSolutionNode = FALSE
	EndGlobalSection
EndGlobal
